
Microsoft Visual Studio Solution File, Format Version 12.00
Project("{FAE04EC0-301F-11D3-BF4B-00C04F79EFBC}") = "BetterBeatSaber", "BetterBeatSaber\BetterBeatSaber.csproj", "{F4D05FAA-F8B3-45C0-9F23-07F36A2FD944}"
EndProject
Project("{FAE04EC0-301F-11D3-BF4B-00C04F79EFBC}") = "Online", "Online\Online.csproj", "{23490537-F437-4556-9793-F8C15FEBA10C}"
EndProject
Global
	GlobalSection(SolutionConfigurationPlatforms) = preSolution
		Debug|Any CPU = Debug|Any CPU
		Release|Any CPU = Release|Any CPU
	EndGlobalSection
	GlobalSection(ProjectConfigurationPlatforms) = postSolution
		{F4D05FAA-F8B3-45C0-9F23-07F36A2FD944}.Release|Any CPU.ActiveCfg = Release|Any CPU
		{F4D05FAA-F8B3-45C0-9F23-07F36A2FD944}.Release|Any CPU.Build.0 = Release|Any CPU
		{F4D05FAA-F8B3-45C0-9F23-07F36A2FD944}.Debug|Any CPU.ActiveCfg = Release|Any CPU
		{F4D05FAA-F8B3-45C0-9F23-07F36A2FD944}.Debug|Any CPU.Build.0 = Release|Any CPU
		{23490537-F437-4556-9793-F8C15FEBA10C}.Debug|Any CPU.ActiveCfg = Debug|Any CPU
		{23490537-F437-4556-9793-F8C15FEBA10C}.Debug|Any CPU.Build.0 = Debug|Any CPU
		{23490537-F437-4556-9793-F8C15FEBA10C}.Release|Any CPU.ActiveCfg = Release|Any CPU
		{23490537-F437-4556-9793-F8C15FEBA10C}.Release|Any CPU.Build.0 = Release|Any CPU
	EndGlobalSection
EndGlobal
