
Microsoft Visual Studio Solution File, Format Version 12.00
Project("{FAE04EC0-301F-11D3-BF4B-00C04F79EFBC}") = "BetterBeatSaber", "BetterBeatSaber\BetterBeatSaber.csproj", "{F4D05FAA-F8B3-45C0-9F23-07F36A2FD944}"
EndProject
Project("{FAE04EC0-301F-11D3-BF4B-00C04F79EFBC}") = "BetterBeatSaber.Online", "BetterBeatSaber.Online\BetterBeatSaber.Online.csproj", "{CBEEEF53-0B07-4BB8-997F-A07C694894CF}"
EndProject
Global
	GlobalSection(SolutionConfigurationPlatforms) = preSolution
		Debug|Any CPU = Debug|Any CPU
		Release|Any CPU = Release|Any CPU
	EndGlobalSection
	GlobalSection(ProjectConfigurationPlatforms) = postSolution
		{F4D05FAA-F8B3-45C0-9F23-07F36A2FD944}.Debug|Any CPU.ActiveCfg = Debug|Any CPU
		{F4D05FAA-F8B3-45C0-9F23-07F36A2FD944}.Debug|Any CPU.Build.0 = Debug|Any CPU
		{F4D05FAA-F8B3-45C0-9F23-07F36A2FD944}.Release|Any CPU.ActiveCfg = Release|Any CPU
		{F4D05FAA-F8B3-45C0-9F23-07F36A2FD944}.Release|Any CPU.Build.0 = Release|Any CPU
		{CBEEEF53-0B07-4BB8-997F-A07C694894CF}.Debug|Any CPU.ActiveCfg = Debug|Any CPU
		{CBEEEF53-0B07-4BB8-997F-A07C694894CF}.Debug|Any CPU.Build.0 = Debug|Any CPU
		{CBEEEF53-0B07-4BB8-997F-A07C694894CF}.Release|Any CPU.ActiveCfg = Release|Any CPU
		{CBEEEF53-0B07-4BB8-997F-A07C694894CF}.Release|Any CPU.Build.0 = Release|Any CPU
	EndGlobalSection
EndGlobal
