{
  "version": 1,
  "dependencies": {
    ".NETFramework,Version=v4.7.1": {
      "LiteNetLib": {
        "type": "Direct",
        "requested": "[1.2.0, )",
        "resolved": "1.2.0",
        "contentHash": "N4pJ6Drzdt7M7Ok//J1YB1t2jBNQikKud3OEgllUwK2qcu6elLyvb+vgOy4WJy9xbyobYg7oav1g5vuoaDHLuw=="
      },
      "Microsoft.NETFramework.ReferenceAssemblies": {
        "type": "Direct",
        "requested": "[1.0.3, )",
        "resolved": "1.0.3",
        "contentHash": "vUc9Npcs14QsyOD01tnv/m8sQUnGTGOw1BCmKcv77LBJY7OxhJ+zJF7UD/sCL3lYNFuqmQEVlkfS4Quif6FyYg==",
        "dependencies": {
          "Microsoft.NETFramework.ReferenceAssemblies.net471": "1.0.3"
        }
      },
      "Newtonsoft.Json": {
        "type": "Direct",
        "requested": "[13.0.3, )",
        "resolved": "13.0.3",
        "contentHash": "HrC5BXdl00IP9zeV+0Z848QWPAoCr9P3bDEZguI+gkLcBKAOxix/tLEAAHC+UvDNPv4a2d18lOReHMOagPa+zQ=="
      },
      "Microsoft.NETFramework.ReferenceAssemblies.net471": {
        "type": "Transitive",
        "resolved": "1.0.3",
        "contentHash": "Kf3vusy+mwHzn+0osmJAMrZNG00/UkwywjwfFKLUWSYEXiIMD6SEMGP9bG3sH1B54IiydxAneLubS5/Ajjn/Tw=="
      }
    },
    "net8.0": {
      "LiteNetLib": {
        "type": "Direct",
        "requested": "[1.2.0, )",
        "resolved": "1.2.0",
        "contentHash": "N4pJ6Drzdt7M7Ok//J1YB1t2jBNQikKud3OEgllUwK2qcu6elLyvb+vgOy4WJy9xbyobYg7oav1g5vuoaDHLuw=="
      },
      "Newtonsoft.Json": {
        "type": "Direct",
        "requested": "[13.0.3, )",
        "resolved": "13.0.3",
        "contentHash": "HrC5BXdl00IP9zeV+0Z848QWPAoCr9P3bDEZguI+gkLcBKAOxix/tLEAAHC+UvDNPv4a2d18lOReHMOagPa+zQ=="
      }
    }
  }
}